# THIS IS AN AUTOGENERATED FILE. DO NOT EDIT THIS FILE DIRECTLY.
# yarn lockfile v1


"@faker-js/faker@^10.1.0":
  version "10.1.0"
  resolved "https://registry.yarnpkg.com/@faker-js/faker/-/faker-10.1.0.tgz#eb72869d01ccbff41a77aa7ac851ce1ac9371129"
  integrity sha512-C3mrr3b5dRVlKPJdfrAXS8+dq+rq8Qm5SNRazca0JKgw1HQERFmrVb0towvMmw5uu8hHKNiQasMaR/tydf3Zsg==
